
Microsoft Visual Studio Solution File, Format Version 12.00
# Visual Studio Version 16
VisualStudioVersion = 16.0.31729.503
MinimumVisualStudioVersion = 10.0.40219.1
Project("{FAE04EC0-301F-11D3-BF4B-00C04F79EFBC}") = "task_WPF_13", "task_WPF_13\task_WPF_13.csproj", "{32F999DD-520C-4ECD-A30E-E7BC5DD4D190}"
EndProject
Global
	GlobalSection(SolutionConfigurationPlatforms) = preSolution
		Debug|Any CPU = Debug|Any CPU
		Release|Any CPU = Release|Any CPU
	EndGlobalSection
	GlobalSection(ProjectConfigurationPlatforms) = postSolution
		{32F999DD-520C-4ECD-A30E-E7BC5DD4D190}.Debug|Any CPU.ActiveCfg = Debug|Any CPU
		{32F999DD-520C-4ECD-A30E-E7BC5DD4D190}.Debug|Any CPU.Build.0 = Debug|Any CPU
		{32F999DD-520C-4ECD-A30E-E7BC5DD4D190}.Release|Any CPU.ActiveCfg = Release|Any CPU
		{32F999DD-520C-4ECD-A30E-E7BC5DD4D190}.Release|Any CPU.Build.0 = Release|Any CPU
	EndGlobalSection
	GlobalSection(SolutionProperties) = preSolution
		HideSolutionNode = FALSE
	EndGlobalSection
	GlobalSection(ExtensibilityGlobals) = postSolution
		SolutionGuid = {5DCC6585-37E3-42F2-B3C9-4BB92ACC1114}
	EndGlobalSection
EndGlobal
